
Microsoft Visual Studio Solution File, Format Version 12.00
# Visual Studio Version 16
VisualStudioVersion = 16.0.31424.327
MinimumVisualStudioVersion = 10.0.40219.1
Project("{FAE04EC0-301F-11D3-BF4B-00C04F79EFBC}") = "Saturation_Blood_Wpf", "Saturation_Blood_Wpf\Saturation_Blood_Wpf.csproj", "{33E50BE6-0C3D-4071-9631-68C62C232C36}"
EndProject
Global
	GlobalSection(SolutionConfigurationPlatforms) = preSolution
		Debug|Any CPU = Debug|Any CPU
		Release|Any CPU = Release|Any CPU
	EndGlobalSection
	GlobalSection(ProjectConfigurationPlatforms) = postSolution
		{33E50BE6-0C3D-4071-9631-68C62C232C36}.Debug|Any CPU.ActiveCfg = Debug|Any CPU
		{33E50BE6-0C3D-4071-9631-68C62C232C36}.Debug|Any CPU.Build.0 = Debug|Any CPU
		{33E50BE6-0C3D-4071-9631-68C62C232C36}.Release|Any CPU.ActiveCfg = Release|Any CPU
		{33E50BE6-0C3D-4071-9631-68C62C232C36}.Release|Any CPU.Build.0 = Release|Any CPU
	EndGlobalSection
	GlobalSection(SolutionProperties) = preSolution
		HideSolutionNode = FALSE
	EndGlobalSection
	GlobalSection(ExtensibilityGlobals) = postSolution
		SolutionGuid = {243B5B60-9398-4A8E-8513-66ED729B093A}
	EndGlobalSection
EndGlobal
